
Microsoft Visual Studio Solution File, Format Version 12.00
# Visual Studio 14
VisualStudioVersion = 14.0.25420.1
MinimumVisualStudioVersion = 10.0.40219.1
Project("{FAE04EC0-301F-11D3-BF4B-00C04F79EFBC}") = "The area of a Triangle", "The area of a Triangle\The area of a Triangle.csproj", "{BCDDEDE2-EFFD-4944-99A0-7936BB9E7785}"
EndProject
Global
	GlobalSection(SolutionConfigurationPlatforms) = preSolution
		Debug|Any CPU = Debug|Any CPU
		Release|Any CPU = Release|Any CPU
	EndGlobalSection
	GlobalSection(ProjectConfigurationPlatforms) = postSolution
		{BCDDEDE2-EFFD-4944-99A0-7936BB9E7785}.Debug|Any CPU.ActiveCfg = Debug|Any CPU
		{BCDDEDE2-EFFD-4944-99A0-7936BB9E7785}.Debug|Any CPU.Build.0 = Debug|Any CPU
		{BCDDEDE2-EFFD-4944-99A0-7936BB9E7785}.Release|Any CPU.ActiveCfg = Release|Any CPU
		{BCDDEDE2-EFFD-4944-99A0-7936BB9E7785}.Release|Any CPU.Build.0 = Release|Any CPU
	EndGlobalSection
	GlobalSection(SolutionProperties) = preSolution
		HideSolutionNode = FALSE
	EndGlobalSection
EndGlobal
