
Microsoft Visual Studio Solution File, Format Version 12.00
# Visual Studio 14
VisualStudioVersion = 14.0.25420.1
MinimumVisualStudioVersion = 10.0.40219.1
Project("{FAE04EC0-301F-11D3-BF4B-00C04F79EFBC}") = "Replace start with finish", "Replace start with finish\Replace start with finish.csproj", "{3F382B79-8820-42D3-9B0F-7C4588CACDEA}"
EndProject
Global
	GlobalSection(SolutionConfigurationPlatforms) = preSolution
		Debug|Any CPU = Debug|Any CPU
		Release|Any CPU = Release|Any CPU
	EndGlobalSection
	GlobalSection(ProjectConfigurationPlatforms) = postSolution
		{3F382B79-8820-42D3-9B0F-7C4588CACDEA}.Debug|Any CPU.ActiveCfg = Debug|Any CPU
		{3F382B79-8820-42D3-9B0F-7C4588CACDEA}.Debug|Any CPU.Build.0 = Debug|Any CPU
		{3F382B79-8820-42D3-9B0F-7C4588CACDEA}.Release|Any CPU.ActiveCfg = Release|Any CPU
		{3F382B79-8820-42D3-9B0F-7C4588CACDEA}.Release|Any CPU.Build.0 = Release|Any CPU
	EndGlobalSection
	GlobalSection(SolutionProperties) = preSolution
		HideSolutionNode = FALSE
	EndGlobalSection
EndGlobal
