
Microsoft Visual Studio Solution File, Format Version 12.00
# Visual Studio 14
VisualStudioVersion = 14.0.25420.1
MinimumVisualStudioVersion = 10.0.40219.1
Project("{FAE04EC0-301F-11D3-BF4B-00C04F79EFBC}") = "WatchKitApp1.WatchKitExtension", "WatchKitApp1\WatchKitApp1.WatchKitExtension\WatchKitApp1.WatchKitExtension.csproj", "{B0BCDF49-0EA1-4FC9-B44C-AAD3B53B4269}"
EndProject
Project("{FAE04EC0-301F-11D3-BF4B-00C04F79EFBC}") = "WatchKitApp1.WatchKitApp", "WatchKitApp1\WatchKitApp1.WatchKitApp\WatchKitApp1.WatchKitApp.csproj", "{ADFD88D2-92E8-44D7-9E01-B4B496FAFF7D}"
EndProject
Global
	GlobalSection(SolutionConfigurationPlatforms) = preSolution
		Ad-Hoc|iPhone = Ad-Hoc|iPhone
		Ad-Hoc|iPhoneSimulator = Ad-Hoc|iPhoneSimulator
		AppStore|iPhone = AppStore|iPhone
		AppStore|iPhoneSimulator = AppStore|iPhoneSimulator
		Debug|iPhone = Debug|iPhone
		Debug|iPhoneSimulator = Debug|iPhoneSimulator
		Release|iPhone = Release|iPhone
		Release|iPhoneSimulator = Release|iPhoneSimulator
	EndGlobalSection
	GlobalSection(ProjectConfigurationPlatforms) = postSolution
		{B0BCDF49-0EA1-4FC9-B44C-AAD3B53B4269}.Ad-Hoc|iPhone.ActiveCfg = Ad-Hoc|iPhone
		{B0BCDF49-0EA1-4FC9-B44C-AAD3B53B4269}.Ad-Hoc|iPhone.Build.0 = Ad-Hoc|iPhone
		{B0BCDF49-0EA1-4FC9-B44C-AAD3B53B4269}.Ad-Hoc|iPhoneSimulator.ActiveCfg = Ad-Hoc|iPhoneSimulator
		{B0BCDF49-0EA1-4FC9-B44C-AAD3B53B4269}.Ad-Hoc|iPhoneSimulator.Build.0 = Ad-Hoc|iPhoneSimulator
		{B0BCDF49-0EA1-4FC9-B44C-AAD3B53B4269}.AppStore|iPhone.ActiveCfg = AppStore|iPhone
		{B0BCDF49-0EA1-4FC9-B44C-AAD3B53B4269}.AppStore|iPhone.Build.0 = AppStore|iPhone
		{B0BCDF49-0EA1-4FC9-B44C-AAD3B53B4269}.AppStore|iPhoneSimulator.ActiveCfg = AppStore|iPhoneSimulator
		{B0BCDF49-0EA1-4FC9-B44C-AAD3B53B4269}.AppStore|iPhoneSimulator.Build.0 = AppStore|iPhoneSimulator
		{B0BCDF49-0EA1-4FC9-B44C-AAD3B53B4269}.Debug|iPhone.ActiveCfg = Debug|iPhone
		{B0BCDF49-0EA1-4FC9-B44C-AAD3B53B4269}.Debug|iPhone.Build.0 = Debug|iPhone
		{B0BCDF49-0EA1-4FC9-B44C-AAD3B53B4269}.Debug|iPhoneSimulator.ActiveCfg = Debug|iPhoneSimulator
		{B0BCDF49-0EA1-4FC9-B44C-AAD3B53B4269}.Debug|iPhoneSimulator.Build.0 = Debug|iPhoneSimulator
		{B0BCDF49-0EA1-4FC9-B44C-AAD3B53B4269}.Release|iPhone.ActiveCfg = Release|iPhone
		{B0BCDF49-0EA1-4FC9-B44C-AAD3B53B4269}.Release|iPhone.Build.0 = Release|iPhone
		{B0BCDF49-0EA1-4FC9-B44C-AAD3B53B4269}.Release|iPhoneSimulator.ActiveCfg = Release|iPhoneSimulator
		{B0BCDF49-0EA1-4FC9-B44C-AAD3B53B4269}.Release|iPhoneSimulator.Build.0 = Release|iPhoneSimulator
		{ADFD88D2-92E8-44D7-9E01-B4B496FAFF7D}.Ad-Hoc|iPhone.ActiveCfg = Ad-Hoc|iPhone
		{ADFD88D2-92E8-44D7-9E01-B4B496FAFF7D}.Ad-Hoc|iPhone.Build.0 = Ad-Hoc|iPhone
		{ADFD88D2-92E8-44D7-9E01-B4B496FAFF7D}.Ad-Hoc|iPhoneSimulator.ActiveCfg = Ad-Hoc|iPhoneSimulator
		{ADFD88D2-92E8-44D7-9E01-B4B496FAFF7D}.Ad-Hoc|iPhoneSimulator.Build.0 = Ad-Hoc|iPhoneSimulator
		{ADFD88D2-92E8-44D7-9E01-B4B496FAFF7D}.AppStore|iPhone.ActiveCfg = AppStore|iPhone
		{ADFD88D2-92E8-44D7-9E01-B4B496FAFF7D}.AppStore|iPhone.Build.0 = AppStore|iPhone
		{ADFD88D2-92E8-44D7-9E01-B4B496FAFF7D}.AppStore|iPhoneSimulator.ActiveCfg = AppStore|iPhoneSimulator
		{ADFD88D2-92E8-44D7-9E01-B4B496FAFF7D}.AppStore|iPhoneSimulator.Build.0 = AppStore|iPhoneSimulator
		{ADFD88D2-92E8-44D7-9E01-B4B496FAFF7D}.Debug|iPhone.ActiveCfg = Debug|iPhone
		{ADFD88D2-92E8-44D7-9E01-B4B496FAFF7D}.Debug|iPhone.Build.0 = Debug|iPhone
		{ADFD88D2-92E8-44D7-9E01-B4B496FAFF7D}.Debug|iPhoneSimulator.ActiveCfg = Debug|iPhoneSimulator
		{ADFD88D2-92E8-44D7-9E01-B4B496FAFF7D}.Debug|iPhoneSimulator.Build.0 = Debug|iPhoneSimulator
		{ADFD88D2-92E8-44D7-9E01-B4B496FAFF7D}.Release|iPhone.ActiveCfg = Release|iPhone
		{ADFD88D2-92E8-44D7-9E01-B4B496FAFF7D}.Release|iPhone.Build.0 = Release|iPhone
		{ADFD88D2-92E8-44D7-9E01-B4B496FAFF7D}.Release|iPhoneSimulator.ActiveCfg = Release|iPhoneSimulator
		{ADFD88D2-92E8-44D7-9E01-B4B496FAFF7D}.Release|iPhoneSimulator.Build.0 = Release|iPhoneSimulator
	EndGlobalSection
	GlobalSection(SolutionProperties) = preSolution
		HideSolutionNode = FALSE
	EndGlobalSection
EndGlobal
