
Microsoft Visual Studio Solution File, Format Version 12.00
# Visual Studio 14
VisualStudioVersion = 14.0.25420.1
MinimumVisualStudioVersion = 10.0.40219.1
Project("{FAE04EC0-301F-11D3-BF4B-00C04F79EFBC}") = "Sub Matrix of 3 x 3 in N by M", "Sub Matrix of 3 x 3 in N by M\Sub Matrix of 3 x 3 in N by M.csproj", "{B989453E-D5BB-4A14-9225-92D6361B5CF8}"
EndProject
Global
	GlobalSection(SolutionConfigurationPlatforms) = preSolution
		Debug|Any CPU = Debug|Any CPU
		Release|Any CPU = Release|Any CPU
	EndGlobalSection
	GlobalSection(ProjectConfigurationPlatforms) = postSolution
		{B989453E-D5BB-4A14-9225-92D6361B5CF8}.Debug|Any CPU.ActiveCfg = Debug|Any CPU
		{B989453E-D5BB-4A14-9225-92D6361B5CF8}.Debug|Any CPU.Build.0 = Debug|Any CPU
		{B989453E-D5BB-4A14-9225-92D6361B5CF8}.Release|Any CPU.ActiveCfg = Release|Any CPU
		{B989453E-D5BB-4A14-9225-92D6361B5CF8}.Release|Any CPU.Build.0 = Release|Any CPU
	EndGlobalSection
	GlobalSection(SolutionProperties) = preSolution
		HideSolutionNode = FALSE
	EndGlobalSection
EndGlobal
