
Microsoft Visual Studio Solution File, Format Version 12.00
# Visual Studio 14
VisualStudioVersion = 14.0.25420.1
MinimumVisualStudioVersion = 10.0.40219.1
Project("{FAE04EC0-301F-11D3-BF4B-00C04F79EFBC}") = "TVApp1", "TVApp1\TVApp1.csproj", "{0BFADA51-90A4-4F10-960B-C2F2DEB952FE}"
EndProject
Global
	GlobalSection(SolutionConfigurationPlatforms) = preSolution
		Ad-Hoc|iPhone = Ad-Hoc|iPhone
		Ad-Hoc|iPhoneSimulator = Ad-Hoc|iPhoneSimulator
		AppStore|iPhone = AppStore|iPhone
		AppStore|iPhoneSimulator = AppStore|iPhoneSimulator
		Debug|iPhone = Debug|iPhone
		Debug|iPhoneSimulator = Debug|iPhoneSimulator
		Release|iPhone = Release|iPhone
		Release|iPhoneSimulator = Release|iPhoneSimulator
	EndGlobalSection
	GlobalSection(ProjectConfigurationPlatforms) = postSolution
		{0BFADA51-90A4-4F10-960B-C2F2DEB952FE}.Ad-Hoc|iPhone.ActiveCfg = Ad-Hoc|iPhone
		{0BFADA51-90A4-4F10-960B-C2F2DEB952FE}.Ad-Hoc|iPhone.Build.0 = Ad-Hoc|iPhone
		{0BFADA51-90A4-4F10-960B-C2F2DEB952FE}.Ad-Hoc|iPhoneSimulator.ActiveCfg = Ad-Hoc|iPhoneSimulator
		{0BFADA51-90A4-4F10-960B-C2F2DEB952FE}.Ad-Hoc|iPhoneSimulator.Build.0 = Ad-Hoc|iPhoneSimulator
		{0BFADA51-90A4-4F10-960B-C2F2DEB952FE}.AppStore|iPhone.ActiveCfg = AppStore|iPhone
		{0BFADA51-90A4-4F10-960B-C2F2DEB952FE}.AppStore|iPhone.Build.0 = AppStore|iPhone
		{0BFADA51-90A4-4F10-960B-C2F2DEB952FE}.AppStore|iPhoneSimulator.ActiveCfg = AppStore|iPhoneSimulator
		{0BFADA51-90A4-4F10-960B-C2F2DEB952FE}.AppStore|iPhoneSimulator.Build.0 = AppStore|iPhoneSimulator
		{0BFADA51-90A4-4F10-960B-C2F2DEB952FE}.Debug|iPhone.ActiveCfg = Debug|iPhone
		{0BFADA51-90A4-4F10-960B-C2F2DEB952FE}.Debug|iPhone.Build.0 = Debug|iPhone
		{0BFADA51-90A4-4F10-960B-C2F2DEB952FE}.Debug|iPhoneSimulator.ActiveCfg = Debug|iPhoneSimulator
		{0BFADA51-90A4-4F10-960B-C2F2DEB952FE}.Debug|iPhoneSimulator.Build.0 = Debug|iPhoneSimulator
		{0BFADA51-90A4-4F10-960B-C2F2DEB952FE}.Release|iPhone.ActiveCfg = Release|iPhone
		{0BFADA51-90A4-4F10-960B-C2F2DEB952FE}.Release|iPhone.Build.0 = Release|iPhone
		{0BFADA51-90A4-4F10-960B-C2F2DEB952FE}.Release|iPhoneSimulator.ActiveCfg = Release|iPhoneSimulator
		{0BFADA51-90A4-4F10-960B-C2F2DEB952FE}.Release|iPhoneSimulator.Build.0 = Release|iPhoneSimulator
	EndGlobalSection
	GlobalSection(SolutionProperties) = preSolution
		HideSolutionNode = FALSE
	EndGlobalSection
EndGlobal
